// !$*UTF8*$!
{
	archiveVersion = 1;
	classes = {
	};
	objectVersion = 55;
	objects = {

/* Begin PBXBuildFile section */
		A78FB09028C71B1600353FE2 /* TacoNotesApp.swift in Sources */ = {isa = PBXBuildFile; fileRef = A78FB08F28C71B1600353FE2 /* TacoNotesApp.swift */; };
		A78FB09228C71B1600353FE2 /* ContentView.swift in Sources */ = {isa = PBXBuildFile; fileRef = A78FB09128C71B1600353FE2 /* ContentView.swift */; };
		A78FB09428C71B1800353FE2 /* Assets.xcassets in Resources */ = {isa = PBXBuildFile; fileRef = A78FB09328C71B1800353FE2 /* Assets.xcassets */; };
		A78FB09728C71B1800353FE2 /* Preview Assets.xcassets in Resources */ = {isa = PBXBuildFile; fileRef = A78FB09628C71B1800353FE2 /* Preview Assets.xcassets */; };
		A78FB0A228C71B1900353FE2 /* TacoNotesTests.swift in Sources */ = {isa = PBXBuildFile; fileRef = A78FB0A128C71B1900353FE2 /* TacoNotesTests.swift */; };
		A78FB0AC28C71B1900353FE2 /* TacoNotesUITests.swift in Sources */ = {isa = PBXBuildFile; fileRef = A78FB0AB28C71B1900353FE2 /* TacoNotesUITests.swift */; };
		A78FB0AE28C71B1900353FE2 /* TacoNotesUITestsLaunchTests.swift in Sources */ = {isa = PBXBuildFile; fileRef = A78FB0AD28C71B1900353FE2 /* TacoNotesUITestsLaunchTests.swift */; };
/* End PBXBuildFile section */

/* Begin PBXContainerItemProxy section */
		A78FB09E28C71B1900353FE2 /* PBXContainerItemProxy */ = {
			isa = PBXContainerItemProxy;
			containerPortal = A78FB08428C71B1600353FE2 /* Project object */;
			proxyType = 1;
			remoteGlobalIDString = A78FB08B28C71B1600353FE2;
			remoteInfo = TacoNotes;
		};
		A78FB0A828C71B1900353FE2 /* PBXContainerItemProxy */ = {
			isa = PBXContainerItemProxy;
			containerPortal = A78FB08428C71B1600353FE2 /* Project object */;
			proxyType = 1;
			remoteGlobalIDString = A78FB08B28C71B1600353FE2;
			remoteInfo = TacoNotes;
		};
/* End PBXContainerItemProxy section */

/* Begin PBXFileReference section */
		A78FB08C28C71B1600353FE2 /* TacoNotes.app */ = {isa = PBXFileReference; explicitFileType = wrapper.application; includeInIndex = 0; path = TacoNotes.app; sourceTree = BUILT_PRODUCTS_DIR; };
		A78FB08F28C71B1600353FE2 /* TacoNotesApp.swift */ = {isa = PBXFileReference; lastKnownFileType = sourcecode.swift; path = TacoNotesApp.swift; sourceTree = "<group>"; };
		A78FB09128C71B1600353FE2 /* ContentView.swift */ = {isa = PBXFileReference; lastKnownFileType = sourcecode.swift; path = ContentView.swift; sourceTree = "<group>"; };
		A78FB09328C71B1800353FE2 /* Assets.xcassets */ = {isa = PBXFileReference; lastKnownFileType = folder.assetcatalog; path = Assets.xcassets; sourceTree = "<group>"; };
		A78FB09628C71B1800353FE2 /* Preview Assets.xcassets */ = {isa = PBXFileReference; lastKnownFileType = folder.assetcatalog; path = "Preview Assets.xcassets"; sourceTree = "<group>"; };
		A78FB09828C71B1800353FE2 /* TacoNotes.entitlements */ = {isa = PBXFileReference; lastKnownFileType = text.plist.entitlements; path = TacoNotes.entitlements; sourceTree = "<group>"; };
		A78FB09D28C71B1900353FE2 /* TacoNotesTests.xctest */ = {isa = PBXFileReference; explicitFileType = wrapper.cfbundle; includeInIndex = 0; path = TacoNotesTests.xctest; sourceTree = BUILT_PRODUCTS_DIR; };
		A78FB0A128C71B1900353FE2 /* TacoNotesTests.swift */ = {isa = PBXFileReference; lastKnownFileType = sourcecode.swift; path = TacoNotesTests.swift; sourceTree = "<group>"; };
		A78FB0A728C71B1900353FE2 /* TacoNotesUITests.xctest */ = {isa = PBXFileReference; explicitFileType = wrapper.cfbundle; includeInIndex = 0; path = TacoNotesUITests.xctest; sourceTree = BUILT_PRODUCTS_DIR; };
		A78FB0AB28C71B1900353FE2 /* TacoNotesUITests.swift */ = {isa = PBXFileReference; lastKnownFileType = sourcecode.swift; path = TacoNotesUITests.swift; sourceTree = "<group>"; };
		A78FB0AD28C71B1900353FE2 /* TacoNotesUITestsLaunchTests.swift */ = {isa = PBXFileReference; lastKnownFileType = sourcecode.swift; path = TacoNotesUITestsLaunchTests.swift; sourceTree = "<group>"; };
/* End PBXFileReference section */

/* Begin PBXFrameworksBuildPhase section */
		A78FB08928C71B1600353FE2 /* Frameworks */ = {
			isa = PBXFrameworksBuildPhase;
			buildActionMask = 2147483647;
			files = (
			);
			runOnlyForDeploymentPostprocessing = 0;
		};
		A78FB09A28C71B1900353FE2 /* Frameworks */ = {
			isa = PBXFrameworksBuildPhase;
			buildActionMask = 2147483647;
			files = (
			);
			runOnlyForDeploymentPostprocessing = 0;
		};
		A78FB0A428C71B1900353FE2 /* Frameworks */ = {
			isa = PBXFrameworksBuildPhase;
			buildActionMask = 2147483647;
			files = (
			);
			runOnlyForDeploymentPostprocessing = 0;
		};
/* End PBXFrameworksBuildPhase section */

/* Begin PBXGroup section */
		A78FB08328C71B1600353FE2 = {
			isa = PBXGroup;
			children = (
				A78FB08E28C71B1600353FE2 /* TacoNotes */,
				A78FB0A028C71B1900353FE2 /* TacoNotesTests */,
				A78FB0AA28C71B1900353FE2 /* TacoNotesUITests */,
				A78FB08D28C71B1600353FE2 /* Products */,
			);
			sourceTree = "<group>";
		};
		A78FB08D28C71B1600353FE2 /* Products */ = {
			isa = PBXGroup;
			children = (
				A78FB08C28C71B1600353FE2 /* TacoNotes.app */,
				A78FB09D28C71B1900353FE2 /* TacoNotesTests.xctest */,
				A78FB0A728C71B1900353FE2 /* TacoNotesUITests.xctest */,
			);
			name = Products;
			sourceTree = "<group>";
		};
		A78FB08E28C71B1600353FE2 /* TacoNotes */ = {
			isa = PBXGroup;
			children = (
				A78FB08F28C71B1600353FE2 /* TacoNotesApp.swift */,
				A78FB09128C71B1600353FE2 /* ContentView.swift */,
				A78FB09328C71B1800353FE2 /* Assets.xcassets */,
				A78FB09828C71B1800353FE2 /* TacoNotes.entitlements */,
				A78FB09528C71B1800353FE2 /* Preview Content */,
			);
			path = TacoNotes;
			sourceTree = "<group>";
		};
		A78FB09528C71B1800353FE2 /* Preview Content */ = {
			isa = PBXGroup;
			children = (
				A78FB09628C71B1800353FE2 /* Preview Assets.xcassets */,
			);
			path = "Preview Content";
			sourceTree = "<group>";
		};
		A78FB0A028C71B1900353FE2 /* TacoNotesTests */ = {
			isa = PBXGroup;
			children = (
				A78FB0A128C71B1900353FE2 /* TacoNotesTests.swift */,
			);
			path = TacoNotesTests;
			sourceTree = "<group>";
		};
		A78FB0AA28C71B1900353FE2 /* TacoNotesUITests */ = {
			isa = PBXGroup;
			children = (
				A78FB0AB28C71B1900353FE2 /* TacoNotesUITests.swift */,
				A78FB0AD28C71B1900353FE2 /* TacoNotesUITestsLaunchTests.swift */,
			);
			path = TacoNotesUITests;
			sourceTree = "<group>";
		};
/* End PBXGroup section */

/* Begin PBXNativeTarget section */
		A78FB08B28C71B1600353FE2 /* TacoNotes */ = {
			isa = PBXNativeTarget;
			buildConfigurationList = A78FB0B128C71B1900353FE2 /* Build configuration list for PBXNativeTarget "TacoNotes" */;
			buildPhases = (
				A78FB08828C71B1600353FE2 /* Sources */,
				A78FB08928C71B1600353FE2 /* Frameworks */,
				A78FB08A28C71B1600353FE2 /* Resources */,
			);
			buildRules = (
			);
			dependencies = (
			);
			name = TacoNotes;
			productName = TacoNotes;
			productReference = A78FB08C28C71B1600353FE2 /* TacoNotes.app */;
			productType = "com.apple.product-type.application";
		};
		A78FB09C28C71B1900353FE2 /* TacoNotesTests */ = {
			isa = PBXNativeTarget;
			buildConfigurationList = A78FB0B428C71B1900353FE2 /* Build configuration list for PBXNativeTarget "TacoNotesTests" */;
			buildPhases = (
				A78FB09928C71B1900353FE2 /* Sources */,
				A78FB09A28C71B1900353FE2 /* Frameworks */,
				A78FB09B28C71B1900353FE2 /* Resources */,
			);
			buildRules = (
			);
			dependencies = (
				A78FB09F28C71B1900353FE2 /* PBXTargetDependency */,
			);
			name = TacoNotesTests;
			productName = TacoNotesTests;
			productReference = A78FB09D28C71B1900353FE2 /* TacoNotesTests.xctest */;
			productType = "com.apple.product-type.bundle.unit-test";
		};
		A78FB0A628C71B1900353FE2 /* TacoNotesUITests */ = {
			isa = PBXNativeTarget;
			buildConfigurationList = A78FB0B728C71B1900353FE2 /* Build configuration list for PBXNativeTarget "TacoNotesUITests" */;
			buildPhases = (
				A78FB0A328C71B1900353FE2 /* Sources */,
				A78FB0A428C71B1900353FE2 /* Frameworks */,
				A78FB0A528C71B1900353FE2 /* Resources */,
			);
			buildRules = (
			);
			dependencies = (
				A78FB0A928C71B1900353FE2 /* PBXTargetDependency */,
			);
			name = TacoNotesUITests;
			productName = TacoNotesUITests;
			productReference = A78FB0A728C71B1900353FE2 /* TacoNotesUITests.xctest */;
			productType = "com.apple.product-type.bundle.ui-testing";
		};
/* End PBXNativeTarget section */

/* Begin PBXProject section */
		A78FB08428C71B1600353FE2 /* Project object */ = {
			isa = PBXProject;
			attributes = {
				BuildIndependentTargetsInParallel = 1;
				LastSwiftUpdateCheck = 1330;
				LastUpgradeCheck = 1330;
				TargetAttributes = {
					A78FB08B28C71B1600353FE2 = {
						CreatedOnToolsVersion = 13.3.1;
					};
					A78FB09C28C71B1900353FE2 = {
						CreatedOnToolsVersion = 13.3.1;
						TestTargetID = A78FB08B28C71B1600353FE2;
					};
					A78FB0A628C71B1900353FE2 = {
						CreatedOnToolsVersion = 13.3.1;
						TestTargetID = A78FB08B28C71B1600353FE2;
					};
				};
			};
			buildConfigurationList = A78FB08728C71B1600353FE2 /* Build configuration list for PBXProject "TacoNotes" */;
			compatibilityVersion = "Xcode 13.0";
			developmentRegion = en;
			hasScannedForEncodings = 0;
			knownRegions = (
				en,
				Base,
			);
			mainGroup = A78FB08328C71B1600353FE2;
			productRefGroup = A78FB08D28C71B1600353FE2 /* Products */;
			projectDirPath = "";
			projectRoot = "";
			targets = (
				A78FB08B28C71B1600353FE2 /* TacoNotes */,
				A78FB09C28C71B1900353FE2 /* TacoNotesTests */,
				A78FB0A628C71B1900353FE2 /* TacoNotesUITests */,
			);
		};
/* End PBXProject section */

/* Begin PBXResourcesBuildPhase section */
		A78FB08A28C71B1600353FE2 /* Resources */ = {
			isa = PBXResourcesBuildPhase;
			buildActionMask = 2147483647;
			files = (
				A78FB09728C71B1800353FE2 /* Preview Assets.xcassets in Resources */,
				A78FB09428C71B1800353FE2 /* Assets.xcassets in Resources */,
			);
			runOnlyForDeploymentPostprocessing = 0;
		};
		A78FB09B28C71B1900353FE2 /* Resources */ = {
			isa = PBXResourcesBuildPhase;
			buildActionMask = 2147483647;
			files = (
			);
			runOnlyForDeploymentPostprocessing = 0;
		};
		A78FB0A528C71B1900353FE2 /* Resources */ = {
			isa = PBXResourcesBuildPhase;
			buildActionMask = 2147483647;
			files = (
			);
			runOnlyForDeploymentPostprocessing = 0;
		};
/* End PBXResourcesBuildPhase section */

/* Begin PBXSourcesBuildPhase section */
		A78FB08828C71B1600353FE2 /* Sources */ = {
			isa = PBXSourcesBuildPhase;
			buildActionMask = 2147483647;
			files = (
				A78FB09228C71B1600353FE2 /* ContentView.swift in Sources */,
				A78FB09028C71B1600353FE2 /* TacoNotesApp.swift in Sources */,
			);
			runOnlyForDeploymentPostprocessing = 0;
		};
		A78FB09928C71B1900353FE2 /* Sources */ = {
			isa = PBXSourcesBuildPhase;
			buildActionMask = 2147483647;
			files = (
				A78FB0A228C71B1900353FE2 /* TacoNotesTests.swift in Sources */,
			);
			runOnlyForDeploymentPostprocessing = 0;
		};
		A78FB0A328C71B1900353FE2 /* Sources */ = {
			isa = PBXSourcesBuildPhase;
			buildActionMask = 2147483647;
			files = (
				A78FB0AC28C71B1900353FE2 /* TacoNotesUITests.swift in Sources */,
				A78FB0AE28C71B1900353FE2 /* TacoNotesUITestsLaunchTests.swift in Sources */,
			);
			runOnlyForDeploymentPostprocessing = 0;
		};
/* End PBXSourcesBuildPhase section */

/* Begin PBXTargetDependency section */
		A78FB09F28C71B1900353FE2 /* PBXTargetDependency */ = {
			isa = PBXTargetDependency;
			target = A78FB08B28C71B1600353FE2 /* TacoNotes */;
			targetProxy = A78FB09E28C71B1900353FE2 /* PBXContainerItemProxy */;
		};
		A78FB0A928C71B1900353FE2 /* PBXTargetDependency */ = {
			isa = PBXTargetDependency;
			target = A78FB08B28C71B1600353FE2 /* TacoNotes */;
			targetProxy = A78FB0A828C71B1900353FE2 /* PBXContainerItemProxy */;
		};
/* End PBXTargetDependency section */

/* Begin XCBuildConfiguration section */
		A78FB0AF28C71B1900353FE2 /* Debug */ = {
			isa = XCBuildConfiguration;
			buildSettings = {
				ALWAYS_SEARCH_USER_PATHS = NO;
				CLANG_ANALYZER_NONNULL = YES;
				CLANG_ANALYZER_NUMBER_OBJECT_CONVERSION = YES_AGGRESSIVE;
				CLANG_CXX_LANGUAGE_STANDARD = "gnu++17";
				CLANG_ENABLE_MODULES = YES;
				CLANG_ENABLE_OBJC_ARC = YES;
				CLANG_ENABLE_OBJC_WEAK = YES;
				CLANG_WARN_BLOCK_CAPTURE_AUTORELEASING = YES;
				CLANG_WARN_BOOL_CONVERSION = YES;
				CLANG_WARN_COMMA = YES;
				CLANG_WARN_CONSTANT_CONVERSION = YES;
				CLANG_WARN_DEPRECATED_OBJC_IMPLEMENTATIONS = YES;
				CLANG_WARN_DIRECT_OBJC_ISA_USAGE = YES_ERROR;
				CLANG_WARN_DOCUMENTATION_COMMENTS = YES;
				CLANG_WARN_EMPTY_BODY = YES;
				CLANG_WARN_ENUM_CONVERSION = YES;
				CLANG_WARN_INFINITE_RECURSION = YES;
				CLANG_WARN_INT_CONVERSION = YES;
				CLANG_WARN_NON_LITERAL_NULL_CONVERSION = YES;
				CLANG_WARN_OBJC_IMPLICIT_RETAIN_SELF = YES;
				CLANG_WARN_OBJC_LITERAL_CONVERSION = YES;
				CLANG_WARN_OBJC_ROOT_CLASS = YES_ERROR;
				CLANG_WARN_QUOTED_INCLUDE_IN_FRAMEWORK_HEADER = YES;
				CLANG_WARN_RANGE_LOOP_ANALYSIS = YES;
				CLANG_WARN_STRICT_PROTOTYPES = YES;
				CLANG_WARN_SUSPICIOUS_MOVE = YES;
				CLANG_WARN_UNGUARDED_AVAILABILITY = YES_AGGRESSIVE;
				CLANG_WARN_UNREACHABLE_CODE = YES;
				CLANG_WARN__DUPLICATE_METHOD_MATCH = YES;
				COPY_PHASE_STRIP = NO;
				DEBUG_INFORMATION_FORMAT = dwarf;
				ENABLE_STRICT_OBJC_MSGSEND = YES;
				ENABLE_TESTABILITY = YES;
				GCC_C_LANGUAGE_STANDARD = gnu11;
				GCC_DYNAMIC_NO_PIC = NO;
				GCC_NO_COMMON_BLOCKS = YES;
				GCC_OPTIMIZATION_LEVEL = 0;
				GCC_PREPROCESSOR_DEFINITIONS = (
					"DEBUG=1",
					"$(inherited)",
				);
				GCC_WARN_64_TO_32_BIT_CONVERSION = YES;
				GCC_WARN_ABOUT_RETURN_TYPE = YES_ERROR;
				GCC_WARN_UNDECLARED_SELECTOR = YES;
				GCC_WARN_UNINITIALIZED_AUTOS = YES_AGGRESSIVE;
				GCC_WARN_UNUSED_FUNCTION = YES;
				GCC_WARN_UNUSED_VARIABLE = YES;
				MACOSX_DEPLOYMENT_TARGET = 12.3;
				MTL_ENABLE_DEBUG_INFO = INCLUDE_SOURCE;
				MTL_FAST_MATH = YES;
				ONLY_ACTIVE_ARCH = YES;
				SDKROOT = macosx;
				SWIFT_ACTIVE_COMPILATION_CONDITIONS = DEBUG;
				SWIFT_OPTIMIZATION_LEVEL = "-Onone";
			};
			name = Debug;
		};
		A78FB0B028C71B1900353FE2 /* Release */ = {
			isa = XCBuildConfiguration;
			buildSettings = {
				ALWAYS_SEARCH_USER_PATHS = NO;
				CLANG_ANALYZER_NONNULL = YES;
				CLANG_ANALYZER_NUMBER_OBJECT_CONVERSION = YES_AGGRESSIVE;
				CLANG_CXX_LANGUAGE_STANDARD = "gnu++17";
				CLANG_ENABLE_MODULES = YES;
				CLANG_ENABLE_OBJC_ARC = YES;
				CLANG_ENABLE_OBJC_WEAK = YES;
				CLANG_WARN_BLOCK_CAPTURE_AUTORELEASING = YES;
				CLANG_WARN_BOOL_CONVERSION = YES;
				CLANG_WARN_COMMA = YES;
				CLANG_WARN_CONSTANT_CONVERSION = YES;
				CLANG_WARN_DEPRECATED_OBJC_IMPLEMENTATIONS = YES;
				CLANG_WARN_DIRECT_OBJC_ISA_USAGE = YES_ERROR;
				CLANG_WARN_DOCUMENTATION_COMMENTS = YES;
				CLANG_WARN_EMPTY_BODY = YES;
				CLANG_WARN_ENUM_CONVERSION = YES;
				CLANG_WARN_INFINITE_RECURSION = YES;
				CLANG_WARN_INT_CONVERSION = YES;
				CLANG_WARN_NON_LITERAL_NULL_CONVERSION = YES;
				CLANG_WARN_OBJC_IMPLICIT_RETAIN_SELF = YES;
				CLANG_WARN_OBJC_LITERAL_CONVERSION = YES;
				CLANG_WARN_OBJC_ROOT_CLASS = YES_ERROR;
				CLANG_WARN_QUOTED_INCLUDE_IN_FRAMEWORK_HEADER = YES;
				CLANG_WARN_RANGE_LOOP_ANALYSIS = YES;
				CLANG_WARN_STRICT_PROTOTYPES = YES;
				CLANG_WARN_SUSPICIOUS_MOVE = YES;
				CLANG_WARN_UNGUARDED_AVAILABILITY = YES_AGGRESSIVE;
				CLANG_WARN_UNREACHABLE_CODE = YES;
				CLANG_WARN__DUPLICATE_METHOD_MATCH = YES;
				COPY_PHASE_STRIP = NO;
				DEBUG_INFORMATION_FORMAT = "dwarf-with-dsym";
				ENABLE_NS_ASSERTIONS = NO;
				ENABLE_STRICT_OBJC_MSGSEND = YES;
				GCC_C_LANGUAGE_STANDARD = gnu11;
				GCC_NO_COMMON_BLOCKS = YES;
				GCC_WARN_64_TO_32_BIT_CONVERSION = YES;
				GCC_WARN_ABOUT_RETURN_TYPE = YES_ERROR;
				GCC_WARN_UNDECLARED_SELECTOR = YES;
				GCC_WARN_UNINITIALIZED_AUTOS = YES_AGGRESSIVE;
				GCC_WARN_UNUSED_FUNCTION = YES;
				GCC_WARN_UNUSED_VARIABLE = YES;
				MACOSX_DEPLOYMENT_TARGET = 12.3;
				MTL_ENABLE_DEBUG_INFO = NO;
				MTL_FAST_MATH = YES;
				SDKROOT = macosx;
				SWIFT_COMPILATION_MODE = wholemodule;
				SWIFT_OPTIMIZATION_LEVEL = "-O";
			};
			name = Release;
		};
		A78FB0B228C71B1900353FE2 /* Debug */ = {
			isa = XCBuildConfiguration;
			buildSettings = {
				ASSETCATALOG_COMPILER_APPICON_NAME = AppIcon;
				ASSETCATALOG_COMPILER_GLOBAL_ACCENT_COLOR_NAME = AccentColor;
				CODE_SIGN_ENTITLEMENTS = TacoNotes/TacoNotes.entitlements;
				CODE_SIGN_STYLE = Automatic;
				COMBINE_HIDPI_IMAGES = YES;
				CURRENT_PROJECT_VERSION = 1;
				DEVELOPMENT_ASSET_PATHS = "\"TacoNotes/Preview Content\"";
				DEVELOPMENT_TEAM = T6JS97YV6L;
				ENABLE_HARDENED_RUNTIME = YES;
				ENABLE_PREVIEWS = YES;
				GENERATE_INFOPLIST_FILE = YES;
				INFOPLIST_KEY_NSHumanReadableCopyright = "";
				LD_RUNPATH_SEARCH_PATHS = (
					"$(inherited)",
					"@executable_path/../Frameworks",
				);
				MARKETING_VERSION = 1.0;
				PRODUCT_BUNDLE_IDENTIFIER = ojohnson.dev.TacoNotes;
				PRODUCT_NAME = "$(TARGET_NAME)";
				SWIFT_EMIT_LOC_STRINGS = YES;
				SWIFT_VERSION = 5.0;
			};
			name = Debug;
		};
		A78FB0B328C71B1900353FE2 /* Release */ = {
			isa = XCBuildConfiguration;
			buildSettings = {
				ASSETCATALOG_COMPILER_APPICON_NAME = AppIcon;
				ASSETCATALOG_COMPILER_GLOBAL_ACCENT_COLOR_NAME = AccentColor;
				CODE_SIGN_ENTITLEMENTS = TacoNotes/TacoNotes.entitlements;
				CODE_SIGN_STYLE = Automatic;
				COMBINE_HIDPI_IMAGES = YES;
				CURRENT_PROJECT_VERSION = 1;
				DEVELOPMENT_ASSET_PATHS = "\"TacoNotes/Preview Content\"";
				DEVELOPMENT_TEAM = T6JS97YV6L;
				ENABLE_HARDENED_RUNTIME = YES;
				ENABLE_PREVIEWS = YES;
				GENERATE_INFOPLIST_FILE = YES;
				INFOPLIST_KEY_NSHumanReadableCopyright = "";
				LD_RUNPATH_SEARCH_PATHS = (
					"$(inherited)",
					"@executable_path/../Frameworks",
				);
				MARKETING_VERSION = 1.0;
				PRODUCT_BUNDLE_IDENTIFIER = ojohnson.dev.TacoNotes;
				PRODUCT_NAME = "$(TARGET_NAME)";
				SWIFT_EMIT_LOC_STRINGS = YES;
				SWIFT_VERSION = 5.0;
			};
			name = Release;
		};
		A78FB0B528C71B1900353FE2 /* Debug */ = {
			isa = XCBuildConfiguration;
			buildSettings = {
				ALWAYS_EMBED_SWIFT_STANDARD_LIBRARIES = YES;
				BUNDLE_LOADER = "$(TEST_HOST)";
				CODE_SIGN_STYLE = Automatic;
				CURRENT_PROJECT_VERSION = 1;
				DEVELOPMENT_TEAM = T6JS97YV6L;
				GENERATE_INFOPLIST_FILE = YES;
				MACOSX_DEPLOYMENT_TARGET = 12.3;
				MARKETING_VERSION = 1.0;
				PRODUCT_BUNDLE_IDENTIFIER = ojohnson.dev.TacoNotesTests;
				PRODUCT_NAME = "$(TARGET_NAME)";
				SWIFT_EMIT_LOC_STRINGS = NO;
				SWIFT_VERSION = 5.0;
				TEST_HOST = "$(BUILT_PRODUCTS_DIR)/TacoNotes.app/Contents/MacOS/TacoNotes";
			};
			name = Debug;
		};
		A78FB0B628C71B1900353FE2 /* Release */ = {
			isa = XCBuildConfiguration;
			buildSettings = {
				ALWAYS_EMBED_SWIFT_STANDARD_LIBRARIES = YES;
				BUNDLE_LOADER = "$(TEST_HOST)";
				CODE_SIGN_STYLE = Automatic;
				CURRENT_PROJECT_VERSION = 1;
				DEVELOPMENT_TEAM = T6JS97YV6L;
				GENERATE_INFOPLIST_FILE = YES;
				MACOSX_DEPLOYMENT_TARGET = 12.3;
				MARKETING_VERSION = 1.0;
				PRODUCT_BUNDLE_IDENTIFIER = ojohnson.dev.TacoNotesTests;
				PRODUCT_NAME = "$(TARGET_NAME)";
				SWIFT_EMIT_LOC_STRINGS = NO;
				SWIFT_VERSION = 5.0;
				TEST_HOST = "$(BUILT_PRODUCTS_DIR)/TacoNotes.app/Contents/MacOS/TacoNotes";
			};
			name = Release;
		};
		A78FB0B828C71B1900353FE2 /* Debug */ = {
			isa = XCBuildConfiguration;
			buildSettings = {
				ALWAYS_EMBED_SWIFT_STANDARD_LIBRARIES = YES;
				CODE_SIGN_STYLE = Automatic;
				CURRENT_PROJECT_VERSION = 1;
				DEVELOPMENT_TEAM = T6JS97YV6L;
				GENERATE_INFOPLIST_FILE = YES;
				MARKETING_VERSION = 1.0;
				PRODUCT_BUNDLE_IDENTIFIER = ojohnson.dev.TacoNotesUITests;
				PRODUCT_NAME = "$(TARGET_NAME)";
				SWIFT_EMIT_LOC_STRINGS = NO;
				SWIFT_VERSION = 5.0;
				TEST_TARGET_NAME = TacoNotes;
			};
			name = Debug;
		};
		A78FB0B928C71B1900353FE2 /* Release */ = {
			isa = XCBuildConfiguration;
			buildSettings = {
				ALWAYS_EMBED_SWIFT_STANDARD_LIBRARIES = YES;
				CODE_SIGN_STYLE = Automatic;
				CURRENT_PROJECT_VERSION = 1;
				DEVELOPMENT_TEAM = T6JS97YV6L;
				GENERATE_INFOPLIST_FILE = YES;
				MARKETING_VERSION = 1.0;
				PRODUCT_BUNDLE_IDENTIFIER = ojohnson.dev.TacoNotesUITests;
				PRODUCT_NAME = "$(TARGET_NAME)";
				SWIFT_EMIT_LOC_STRINGS = NO;
				SWIFT_VERSION = 5.0;
				TEST_TARGET_NAME = TacoNotes;
			};
			name = Release;
		};
/* End XCBuildConfiguration section */

/* Begin XCConfigurationList section */
		A78FB08728C71B1600353FE2 /* Build configuration list for PBXProject "TacoNotes" */ = {
			isa = XCConfigurationList;
			buildConfigurations = (
				A78FB0AF28C71B1900353FE2 /* Debug */,
				A78FB0B028C71B1900353FE2 /* Release */,
			);
			defaultConfigurationIsVisible = 0;
			defaultConfigurationName = Release;
		};
		A78FB0B128C71B1900353FE2 /* Build configuration list for PBXNativeTarget "TacoNotes" */ = {
			isa = XCConfigurationList;
			buildConfigurations = (
				A78FB0B228C71B1900353FE2 /* Debug */,
				A78FB0B328C71B1900353FE2 /* Release */,
			);
			defaultConfigurationIsVisible = 0;
			defaultConfigurationName = Release;
		};
		A78FB0B428C71B1900353FE2 /* Build configuration list for PBXNativeTarget "TacoNotesTests" */ = {
			isa = XCConfigurationList;
			buildConfigurations = (
				A78FB0B528C71B1900353FE2 /* Debug */,
				A78FB0B628C71B1900353FE2 /* Release */,
			);
			defaultConfigurationIsVisible = 0;
			defaultConfigurationName = Release;
		};
		A78FB0B728C71B1900353FE2 /* Build configuration list for PBXNativeTarget "TacoNotesUITests" */ = {
			isa = XCConfigurationList;
			buildConfigurations = (
				A78FB0B828C71B1900353FE2 /* Debug */,
				A78FB0B928C71B1900353FE2 /* Release */,
			);
			defaultConfigurationIsVisible = 0;
			defaultConfigurationName = Release;
		};
/* End XCConfigurationList section */
	};
	rootObject = A78FB08428C71B1600353FE2 /* Project object */;
}
